lockfileVersion: '9.0'

settings:
  autoInstallPeers: true
  excludeLinksFromLockfile: false

importers:

  .:
    dependencies:
      '@hookform/resolvers':
        specifier: ^2.0.0
        version: 2.9.11(react-hook-form@7.53.1(react@18.3.1))
      effect:
        specifier: ^3.10.12
        version: 3.10.12
      react-hook-form:
        specifier: ^7.0.0
        version: 7.53.1(react@18.3.1)

packages:

  '@hookform/resolvers@2.9.11':
    resolution: {integrity: sha512-bA3aZ79UgcHj7tFV7RlgThzwSSHZgvfbt2wprldRkYBcMopdMvHyO17Wwp/twcJasNFischFfS7oz8Katz8DdQ==}
    peerDependencies:
      react-hook-form: ^7.0.0

  effect@3.10.12:
    resolution: {integrity: sha512-+IqqTQS5+jM13qZHzfAX+RpCGOl0oBWIR7nec/zq76HyN/hdGQYnfr/LLLOVxUt8uIbckBea8rkwBKrQ0Hb/aA==}

  fast-check@3.23.1:
    resolution: {integrity: sha512-u/MudsoQEgBUZgR5N1v87vEgybeVYus9VnDVaIkxkkGP2jt54naghQ3PCQHJiogS8U/GavZCUPFfx3Xkp+NaHw==}
    engines: {node: '>=8.0.0'}

  js-tokens@4.0.0:
    resolution: {integrity: sha512-RdJUflcE3cUzKiMqQgsCu06FPu9UdIJO0beYbPhHN4k6apgJtifcoCtT9bcxOpYBtpD2kCM6Sbzg4CausW/PKQ==}

  loose-envify@1.4.0:
    resolution: {integrity: sha512-lyuxPGr/Wfhrlem2CL/UcnUc1zcqKAImBDzukY7Y5F/yQiNdko6+fRLevlw1HgMySw7f611UIY408EtxRSoK3Q==}
    hasBin: true

  pure-rand@6.1.0:
    resolution: {integrity: sha512-bVWawvoZoBYpp6yIoQtQXHZjmz35RSVHnUOTefl8Vcjr8snTPY1wnpSPMWekcFwbxI6gtmT7rSYPFvz71ldiOA==}

  react-hook-form@7.53.1:
    resolution: {integrity: sha512-6aiQeBda4zjcuaugWvim9WsGqisoUk+etmFEsSUMm451/Ic8L/UAb7sRtMj3V+Hdzm6mMjU1VhiSzYUZeBm0Vg==}
    engines: {node: '>=18.0.0'}
    peerDependencies:
      react: ^16.8.0 || ^17 || ^18 || ^19

  react@18.3.1:
    resolution: {integrity: sha512-wS+hAgJShR0KhEvPJArfuPVN1+Hz1t0Y6n5jLrGQbkb4urgPE/0Rve+1kMB1v/oWgHgm4WIcV+i7F2pTVj+2iQ==}
    engines: {node: '>=0.10.0'}

snapshots:

  '@hookform/resolvers@2.9.11(react-hook-form@7.53.1(react@18.3.1))':
    dependencies:
      react-hook-form: 7.53.1(react@18.3.1)

  effect@3.10.12:
    dependencies:
      fast-check: 3.23.1

  fast-check@3.23.1:
    dependencies:
      pure-rand: 6.1.0

  js-tokens@4.0.0: {}

  loose-envify@1.4.0:
    dependencies:
      js-tokens: 4.0.0

  pure-rand@6.1.0: {}

  react-hook-form@7.53.1(react@18.3.1):
    dependencies:
      react: 18.3.1

  react@18.3.1:
    dependencies:
      loose-envify: 1.4.0
