lockfileVersion: '9.0'

settings:
  autoInstallPeers: true
  excludeLinksFromLockfile: false

importers:

  .:
    dependencies:
      effect:
        specifier: ^3.10.10
        version: 3.10.0

packages:

  effect@3.10.0:
    resolution: {integrity: sha512-J9rsJBXNHZxklJTbHriY8D9wIHhmvXDamExW4pPZ2kPNZ+XRfstXeHBqpXAIK+B42ASVbuDswAXyup5WHWK6jg==}

  fast-check@3.22.0:
    resolution: {integrity: sha512-8HKz3qXqnHYp/VCNn2qfjHdAdcI8zcSqOyX64GOMukp7SL2bfzfeDKjSd+UyECtejccaZv3LcvZTm9YDD22iCQ==}
    engines: {node: '>=8.0.0'}

  pure-rand@6.1.0:
    resolution: {integrity: sha512-bVWawvoZoBYpp6yIoQtQXHZjmz35RSVHnUOTefl8Vcjr8snTPY1wnpSPMWekcFwbxI6gtmT7rSYPFvz71ldiOA==}

snapshots:

  effect@3.10.0:
    dependencies:
      fast-check: 3.22.0

  fast-check@3.22.0:
    dependencies:
      pure-rand: 6.1.0

  pure-rand@6.1.0: {}
