lockfileVersion: '6.0'

settings:
  autoInstallPeers: true
  excludeLinksFromLockfile: false

dependencies:
  '@hookform/resolvers':
    specifier: ^2.0.0
    version: 2.0.0(react-hook-form@7.0.0)
  react-hook-form:
    specifier: ^7.0.0
    version: 7.0.0(react@17.0.2)
  valibot:
    specifier: '>=0.8'
    version: 0.8.0

packages:

  /@hookform/resolvers@2.0.0(react-hook-form@7.0.0):
    resolution: {integrity: sha512-picG6qjP516JNblvg/wuDc8JPfdm3aNbtPbfu+PXQWFXp6ED6dyBL2IoB/tDvPFaNwwqUEwb6UYVKMIFAH+aqQ==}
    peerDependencies:
      react-hook-form: ^7.0.0
    dependencies:
      react-hook-form: 7.0.0(react@17.0.2)
    dev: false

  /js-tokens@4.0.0:
    resolution: {integrity: sha512-RdJUflcE3cUzKiMqQgsCu06FPu9UdIJO0beYbPhHN4k6apgJtifcoCtT9bcxOpYBtpD2kCM6Sbzg4CausW/PKQ==}
    dev: false

  /loose-envify@1.4.0:
    resolution: {integrity: sha512-lyuxPGr/Wfhrlem2CL/UcnUc1zcqKAImBDzukY7Y5F/yQiNdko6+fRLevlw1HgMySw7f611UIY408EtxRSoK3Q==}
    hasBin: true
    dependencies:
      js-tokens: 4.0.0
    dev: false

  /object-assign@4.1.1:
    resolution: {integrity: sha512-rJgTQnkUnH1sFw8yT6VSU3zD3sWmu6sZhIseY8VX+GRu3P6F7Fu+JNDoXfklElbLJSnc3FUQHVe4cU5hj+BcUg==}
    engines: {node: '>=0.10.0'}
    dev: false

  /react-hook-form@7.0.0(react@17.0.2):
    resolution: {integrity: sha512-cXoKnNnQe5IxieesTu+enDS7Jfh8lyX8mSMwzNvC4L0k6R6yQ2F8rIhvBbzlFOGSoeEnsR64dvMZ1izWRCAw6A==}
    peerDependencies:
      react: ^16.8.0 || ^17
    dependencies:
      react: 17.0.2
    dev: false

  /react@17.0.2:
    resolution: {integrity: sha512-gnhPt75i/dq/z3/6q/0asP78D0u592D5L1pd7M8P+dck6Fu/jJeL6iVVK23fptSUZj8Vjf++7wXA8UNclGQcbA==}
    engines: {node: '>=0.10.0'}
    dependencies:
      loose-envify: 1.4.0
      object-assign: 4.1.1
    dev: false

  /valibot@0.8.0:
    resolution: {integrity: sha512-wQHXVkVFj6Z0R3297icGCp3UX8S66onuIg03ihJ8aVgMn8pMJvYSfmrKb+aIg7w/Aw08togrklaMSqDP2vKtIA==}
    dev: false
